
Microsoft Visual Studio Solution File, Format Version 12.00
# Visual Studio Version 16
VisualStudioVersion = 16.0.29324.140
MinimumVisualStudioVersion = 10.0.40219.1
Project("{FAE04EC0-301F-11D3-BF4B-00C04F79EFBC}") = "VasyanStore.DataAccess", "VasyanStore.DataAccess\VasyanStore.DataAccess.csproj", "{86C4EA70-B972-4E97-B9F0-D9F521B0C27C}"
EndProject
Project("{FAE04EC0-301F-11D3-BF4B-00C04F79EFBC}") = "VasyanStore.Domain", "VasyanStore.Domain\VasyanStore.Domain.csproj", "{D98BE075-5E1F-431D-ABAE-035FFB67DF46}"
EndProject
Project("{FAE04EC0-301F-11D3-BF4B-00C04F79EFBC}") = "VasyanStore.Client", "VasyanStore.Client\VasyanStore.Client.csproj", "{21BAA7E4-CCC8-4B2F-8DCC-404847F3B334}"
EndProject
Project("{FAE04EC0-301F-11D3-BF4B-00C04F79EFBC}") = "VasyanStore.Examples", "VasyanStore.Examples\VasyanStore.Examples.csproj", "{0AF5363F-925A-49B4-B80C-E27680DB3A67}"
EndProject
Global
	GlobalSection(SolutionConfigurationPlatforms) = preSolution
		Debug|Any CPU = Debug|Any CPU
		Release|Any CPU = Release|Any CPU
	EndGlobalSection
	GlobalSection(ProjectConfigurationPlatforms) = postSolution
		{86C4EA70-B972-4E97-B9F0-D9F521B0C27C}.Debug|Any CPU.ActiveCfg = Debug|Any CPU
		{86C4EA70-B972-4E97-B9F0-D9F521B0C27C}.Debug|Any CPU.Build.0 = Debug|Any CPU
		{86C4EA70-B972-4E97-B9F0-D9F521B0C27C}.Release|Any CPU.ActiveCfg = Release|Any CPU
		{86C4EA70-B972-4E97-B9F0-D9F521B0C27C}.Release|Any CPU.Build.0 = Release|Any CPU
		{D98BE075-5E1F-431D-ABAE-035FFB67DF46}.Debug|Any CPU.ActiveCfg = Debug|Any CPU
		{D98BE075-5E1F-431D-ABAE-035FFB67DF46}.Debug|Any CPU.Build.0 = Debug|Any CPU
		{D98BE075-5E1F-431D-ABAE-035FFB67DF46}.Release|Any CPU.ActiveCfg = Release|Any CPU
		{D98BE075-5E1F-431D-ABAE-035FFB67DF46}.Release|Any CPU.Build.0 = Release|Any CPU
		{21BAA7E4-CCC8-4B2F-8DCC-404847F3B334}.Debug|Any CPU.ActiveCfg = Debug|Any CPU
		{21BAA7E4-CCC8-4B2F-8DCC-404847F3B334}.Debug|Any CPU.Build.0 = Debug|Any CPU
		{21BAA7E4-CCC8-4B2F-8DCC-404847F3B334}.Release|Any CPU.ActiveCfg = Release|Any CPU
		{21BAA7E4-CCC8-4B2F-8DCC-404847F3B334}.Release|Any CPU.Build.0 = Release|Any CPU
		{0AF5363F-925A-49B4-B80C-E27680DB3A67}.Debug|Any CPU.ActiveCfg = Debug|Any CPU
		{0AF5363F-925A-49B4-B80C-E27680DB3A67}.Debug|Any CPU.Build.0 = Debug|Any CPU
		{0AF5363F-925A-49B4-B80C-E27680DB3A67}.Release|Any CPU.ActiveCfg = Release|Any CPU
		{0AF5363F-925A-49B4-B80C-E27680DB3A67}.Release|Any CPU.Build.0 = Release|Any CPU
	EndGlobalSection
	GlobalSection(SolutionProperties) = preSolution
		HideSolutionNode = FALSE
	EndGlobalSection
	GlobalSection(ExtensibilityGlobals) = postSolution
		SolutionGuid = {5582A5BE-2C84-4CB7-94BB-000B69BAD305}
	EndGlobalSection
EndGlobal
